{
  "name": "nosedive-backend",
  "version": "1.0.0",
  "lockfileVersion": 1,
  "dependencies": {
    "cors": {
      "version": "2.8.5",
      "resolved": "https://registry.npmjs.org/cors/-/cors-2.8.5.tgz",
      "integrity": "sha512-vGxP5mH5OZ+T3Iq5D2fO1xwT7l+gUO7+XOSQhYl1fENt3+tyzv3s8QZQzE8A3TgkF1Xc4pGoz7v71WrF4o4RXA==",
      "engines": {
        "node": ">=0.6.0"
      }
    },
    "express": {
      "version": "4.18.2",
      "resolved": "https://registry.npmjs.org/express/-/express-4.18.2.tgz",
      "integrity": "sha512-O6tF0F9c3L4kWk5Ftwl1D6r4C1x5VpF3RDF1iTGI1Lz+1unTg3y7rDnlZV9dP5f5S8P9y7g0KsXU4Gq2m4J4Sg==",
      "engines": {
        "node": ">=0.10.0"
      }
    },
    "mongoose": {
      "version": "7.0.3",
      "resolved": "https://registry.npmjs.org/mongoose/-/mongoose-7.0.3.tgz",
      "integrity": "sha512-...",
      "engines": {
        "node": ">=12.0.0"
      }
    },
    "multer": {
      "version": "1.4.5-lts.1",
      "resolved": "https://registry.npmjs.org/multer/-/multer-1.4.5-lts.1.tgz",
      "integrity": "sha512-...",
      "engines": {
        "node": ">=0.10.0"
      }
    }
  }
}
